
Microsoft Visual Studio Solution File, Format Version 12.00
# Visual Studio Version 17
VisualStudioVersion = 17.9.34728.123
MinimumVisualStudioVersion = 10.0.40219.1
Project("{9A19103F-16F7-4668-BE54-9A1E7A4F7556}") = "CopilotOnData", "src\CopilotOnData\CopilotOnData.csproj", "{78FE94EA-695D-43C0-9E56-345DFD692844}"
EndProject
Global
	GlobalSection(SolutionConfigurationPlatforms) = preSolution
		Debug|Any CPU = Debug|Any CPU
		Release|Any CPU = Release|Any CPU
	EndGlobalSection
	GlobalSection(ProjectConfigurationPlatforms) = postSolution
		{78FE94EA-695D-43C0-9E56-345DFD692844}.Debug|Any CPU.ActiveCfg = Debug|Any CPU
		{78FE94EA-695D-43C0-9E56-345DFD692844}.Debug|Any CPU.Build.0 = Debug|Any CPU
		{78FE94EA-695D-43C0-9E56-345DFD692844}.Release|Any CPU.ActiveCfg = Release|Any CPU
		{78FE94EA-695D-43C0-9E56-345DFD692844}.Release|Any CPU.Build.0 = Release|Any CPU
	EndGlobalSection
	GlobalSection(SolutionProperties) = preSolution
		HideSolutionNode = FALSE
	EndGlobalSection
	GlobalSection(ExtensibilityGlobals) = postSolution
		SolutionGuid = {F082EAB9-F532-489C-A3F3-0CAC524A2DF3}
	EndGlobalSection
EndGlobal
